{
  "assets": {
    "crane": {
      "linux/amd64": {
        "repo": "google/go-containerregistry",
        "download_url": "https://github.com/google/go-containerregistry/releases/download/v0.20.6/go-containerregistry_Linux_x86_64.tar.gz",
        "version": "0.20.6",
        "checksum": "c1d593d01551f2c9a3df5ca0a0be4385a839bd9b86d4a76e18d7b17d16559127",
        "executable": true,
        "destination": "assets/crane",
        "extract": {
          "globs": [
            "crane"
          ],
          "flatten": true,
          "filetype": "tar.gz"
        }
      },
      "darwin/arm64": {
        "repo": "google/go-containerregistry",
        "download_url": "https://github.com/google/go-containerregistry/releases/download/v0.20.6/go-containerregistry_Darwin_arm64.tar.gz",
        "version": "0.20.6",
        "checksum": "ae30b28498de3e1ac51a37042eab46116ec70d86aa9d10431a1fbde35b9918b9",
        "executable": true,
        "destination": "assets/crane",
        "extract": {
          "globs": [
            "crane"
          ],
          "flatten": true,
          "filetype": "tar.gz"
        }
      }
    },
    "oras": {
      "linux/amd64": {
        "repo": "oras-project/oras",
        "download_url": "https://github.com/oras-project/oras/releases/download/v1.3.0/oras_1.3.0_linux_amd64.tar.gz",
        "version": "1.3.0",
        "checksum": "6cdc692f929100feb08aa8de584d02f7bcc30ec7d88bc2adc2054d782db57c64",
        "executable": true,
        "destination": "assets/oras",
        "extract": {
          "globs": [
            "oras"
          ],
          "flatten": true,
          "filetype": "tar.gz"
        }
      },
      "darwin/arm64": {
        "repo": "oras-project/oras",
        "download_url": "https://github.com/oras-project/oras/releases/download/v1.3.0/oras_1.3.0_darwin_arm64.tar.gz",
        "version": "1.3.0",
        "checksum": "e10c6552c02d5a7c7eaf7170d3b6f7f094b675a98a1e0edf4d4478a909447245",
        "executable": true,
        "destination": "assets/oras",
        "extract": {
          "globs": [
            "oras"
          ],
          "flatten": true,
          "filetype": "tar.gz"
        }
      }
    },
    "cosign": {
      "darwin/amd64": {
        "repo": "sigstore/cosign",
        "download_url": "https://github.com/sigstore/cosign/releases/download/v2.6.0/cosign-darwin-amd64",
        "version": "2.6.0",
        "checksum": "83b0fb42bc265e62aef7de49f4979b7957c9b7320d362a9f20046b2f823330f3",
        "executable": true,
        "destination": "assets/cosign",
        "extract": false
      },
      "darwin/arm64": {
        "repo": "sigstore/cosign",
        "download_url": "https://github.com/sigstore/cosign/releases/download/v2.6.0/cosign-darwin-arm64",
        "version": "2.6.0",
        "checksum": "dea5b83b8b375b99ac803c7bdb1f798963dbeb47789ceb72153202e7f20e8d07",
        "executable": true,
        "destination": "assets/cosign",
        "extract": false
      },
      "linux/amd64": {
        "repo": "sigstore/cosign",
        "download_url": "https://github.com/sigstore/cosign/releases/download/v2.6.0/cosign-linux-amd64",
        "version": "2.6.0",
        "checksum": "ea5c65f99425d6cfbb5c4b5de5dac035f14d09131c1a0ea7c7fc32eab39364f9",
        "executable": true,
        "destination": "assets/cosign",
        "extract": false
      },
      "windows/amd64": {
        "repo": "sigstore/cosign",
        "download_url": "https://github.com/sigstore/cosign/releases/download/v2.6.0/cosign-windows-amd64.exe",
        "version": "2.6.0",
        "checksum": "7beb4dd1e19a72c328bbf7c0d7342d744edbf5cbb082f227b2b76e04a21c16ef",
        "executable": true,
        "destination": "assets/cosign",
        "extract": false
      }
    }
  },
  "config_checksum": "b52535d5e2a4a0512b9ec6c38ec6b3fe5593fa2777dd0dadbf88c5205cf4d345"
}