{
  "assets": {
    "crane": {
      "linux/amd64": {
        "repo": "google/go-containerregistry",
        "download_url": "https://github.com/google/go-containerregistry/releases/download/v0.20.6/go-containerregistry_Linux_x86_64.tar.gz",
        "version": "0.20.6",
        "checksum": "c1d593d01551f2c9a3df5ca0a0be4385a839bd9b86d4a76e18d7b17d16559127",
        "executable": true,
        "destination": "assets/crane",
        "extract": {
          "globs": [
            "crane"
          ],
          "flatten": true,
          "filetype": "tar.gz"
        }
      },
      "darwin/arm64": {
        "repo": "google/go-containerregistry",
        "download_url": "https://github.com/google/go-containerregistry/releases/download/v0.20.6/go-containerregistry_Darwin_arm64.tar.gz",
        "version": "0.20.6",
        "checksum": "ae30b28498de3e1ac51a37042eab46116ec70d86aa9d10431a1fbde35b9918b9",
        "executable": true,
        "destination": "assets/crane",
        "extract": {
          "globs": [
            "crane"
          ],
          "flatten": true,
          "filetype": "tar.gz"
        }
      },
      "darwin/amd64": {
        "repo": "google/go-containerregistry",
        "download_url": "https://github.com/google/go-containerregistry/releases/download/v0.20.6/go-containerregistry_Darwin_x86_64.tar.gz",
        "version": "0.20.6",
        "checksum": "5c9ad72fff8e92466e6162274fda18a59d16629025c3f1eb43cb3de494cbddc5",
        "executable": true,
        "destination": "assets/crane",
        "extract": {
          "globs": [
            "crane"
          ],
          "flatten": true,
          "filetype": "tar.gz"
        }
      }
    },
    "oras": {
      "linux/amd64": {
        "repo": "oras-project/oras",
        "download_url": "https://github.com/oras-project/oras/releases/download/v1.3.0/oras_1.3.0_linux_amd64.tar.gz",
        "version": "1.3.0",
        "checksum": "6cdc692f929100feb08aa8de584d02f7bcc30ec7d88bc2adc2054d782db57c64",
        "executable": true,
        "destination": "assets/oras",
        "extract": {
          "globs": [
            "oras"
          ],
          "flatten": true,
          "filetype": "tar.gz"
        }
      },
      "darwin/arm64": {
        "repo": "oras-project/oras",
        "download_url": "https://github.com/oras-project/oras/releases/download/v1.3.0/oras_1.3.0_darwin_arm64.tar.gz",
        "version": "1.3.0",
        "checksum": "e10c6552c02d5a7c7eaf7170d3b6f7f094b675a98a1e0edf4d4478a909447245",
        "executable": true,
        "destination": "assets/oras",
        "extract": {
          "globs": [
            "oras"
          ],
          "flatten": true,
          "filetype": "tar.gz"
        }
      },
      "darwin/amd64": {
        "repo": "oras-project/oras",
        "download_url": "https://github.com/oras-project/oras/releases/download/v1.3.0/oras_1.3.0_darwin_amd64.tar.gz",
        "version": "1.3.0",
        "checksum": "82c33f7da8430ea7fa7e7bdf7721be0a0d0481e5ccb2472ea438490d5e8641a9",
        "executable": true,
        "destination": "assets/oras",
        "extract": {
          "globs": [
            "oras"
          ],
          "flatten": true,
          "filetype": "tar.gz"
        }
      }
    },
    "cosign": {
      "darwin/amd64": {
        "repo": "sigstore/cosign",
        "download_url": "https://github.com/sigstore/cosign/releases/download/v3.0.2/cosign-darwin-amd64",
        "version": "3.0.2",
        "checksum": "0fc2b6f16b900abdfda3153b11fc435a8cbe3830e8e820fe8ad5fe4149a5b472",
        "executable": true,
        "destination": "assets/cosign",
        "extract": false
      },
      "darwin/arm64": {
        "repo": "sigstore/cosign",
        "download_url": "https://github.com/sigstore/cosign/releases/download/v3.0.2/cosign-darwin-arm64",
        "version": "3.0.2",
        "checksum": "3823b044de184da21e300bc5e20dd29d3fa9243af3ba70c4a5da1712f3385d46",
        "executable": true,
        "destination": "assets/cosign",
        "extract": false
      },
      "linux/amd64": {
        "repo": "sigstore/cosign",
        "download_url": "https://github.com/sigstore/cosign/releases/download/v3.0.2/cosign-linux-amd64",
        "version": "3.0.2",
        "checksum": "46dbdcb5467a3dfec2526923d0b3365e40c8d9dc00ec23d5aca3437449e8cbfd",
        "executable": true,
        "destination": "assets/cosign",
        "extract": false
      },
      "windows/amd64": {
        "repo": "sigstore/cosign",
        "download_url": "https://github.com/sigstore/cosign/releases/download/v3.0.2/cosign-windows-amd64.exe",
        "version": "3.0.2",
        "checksum": "7a137280d8686665ceb4d8565df2a0ac63f28031e014cdcae5d56891a6c8a400",
        "executable": true,
        "destination": "assets/cosign",
        "extract": false
      }
    }
  },
  "config_checksum": "a97a29cf45f04db145d12d51edb5d76f912902d75a0f0dd353940070c97266e6"
}